// !$*UTF8*$!
{
	archiveVersion = 1;
	classes = {
	};
	objectVersion = 48;
	objects = {

/* Begin PBXBuildFile section */
		0F06B4021FA82B7200C582A2 /* CoreData.framework in Frameworks */ = {isa = PBXBuildFile; fileRef = 0F06B4011FA82B4600C582A2 /* CoreData.framework */; };
		0F07260F1F3AAEE800EE805C /* User.swift in Sources */ = {isa = PBXBuildFile; fileRef = 0F07260E1F3AAEE800EE805C /* User.swift */; };
		0F0D36261FA036510053558E /* RNCryptor.swift in Sources */ = {isa = PBXBuildFile; fileRef = 0F0D36241FA036500053558E /* RNCryptor.swift */; };
		0F0D362B1FA036AA0053558E /* Encryption.swift in Sources */ = {isa = PBXBuildFile; fileRef = 0F0D362A1FA036AA0053558E /* Encryption.swift */; };
		0F2517221F4240BD0085D1E8 /* ProfileVC.swift in Sources */ = {isa = PBXBuildFile; fileRef = 0F2517211F4240BD0085D1E8 /* ProfileVC.swift */; };
		0F4FA1DA1FA262110051669D /* MBProgressHUD.m in Sources */ = {isa = PBXBuildFile; fileRef = 0F4FA1D81FA262110051669D /* MBProgressHUD.m */; };
		0F4FA1DB1FA2644C0051669D /* MBProgressHUD.framework in Frameworks */ = {isa = PBXBuildFile; fileRef = 0F4FA1CA1FA19E950051669D /* MBProgressHUD.framework */; };
		0F4FA1E11FA3F2D40051669D /* Camera.swift in Sources */ = {isa = PBXBuildFile; fileRef = 0F4FA1E01FA3F2D40051669D /* Camera.swift */; };
		0F6C65371FAFD22B00E20B30 /* MyPostsTableViewController.swift in Sources */ = {isa = PBXBuildFile; fileRef = 0F6C65361FAFD22B00E20B30 /* MyPostsTableViewController.swift */; };
		0F6C65391FAFD29B00E20B30 /* EditPostItemVC.swift in Sources */ = {isa = PBXBuildFile; fileRef = 0F6C65381FAFD29B00E20B30 /* EditPostItemVC.swift */; };
		0F6C653B1FB02DBB00E20B30 /* EditPostTableViewCell.swift in Sources */ = {isa = PBXBuildFile; fileRef = 0F6C653A1FB02DBA00E20B30 /* EditPostTableViewCell.swift */; };
		0F9015391F34096A004F96ED /* FancyView.swift in Sources */ = {isa = PBXBuildFile; fileRef = 0F9015381F34096A004F96ED /* FancyView.swift */; };
		0F90153C1F340ABC004F96ED /* Constants.swift in Sources */ = {isa = PBXBuildFile; fileRef = 0F90153B1F340ABC004F96ED /* Constants.swift */; };
		0F90153E1F340D46004F96ED /* RoundBtn.swift in Sources */ = {isa = PBXBuildFile; fileRef = 0F90153D1F340D46004F96ED /* RoundBtn.swift */; };
		0F9015401F34109F004F96ED /* FancyField.swift in Sources */ = {isa = PBXBuildFile; fileRef = 0F90153F1F34109E004F96ED /* FancyField.swift */; };
		0F9015421F341180004F96ED /* FancyBtn.swift in Sources */ = {isa = PBXBuildFile; fileRef = 0F9015411F341180004F96ED /* FancyBtn.swift */; };
		0F9015441F34EFCD004F96ED /* FeedVC.swift in Sources */ = {isa = PBXBuildFile; fileRef = 0F9015431F34EFCD004F96ED /* FeedVC.swift */; };
		0F9015461F3526AA004F96ED /* PostCell.swift in Sources */ = {isa = PBXBuildFile; fileRef = 0F9015451F3526AA004F96ED /* PostCell.swift */; };
		0F9015491F3530D2004F96ED /* DataService.swift in Sources */ = {isa = PBXBuildFile; fileRef = 0F9015481F3530D2004F96ED /* DataService.swift */; };
		0F90154B1F3681F1004F96ED /* Post.swift in Sources */ = {isa = PBXBuildFile; fileRef = 0F90154A1F3681F1004F96ED /* Post.swift */; };
		0F90154D1F37BCBB004F96ED /* CircleView.swift in Sources */ = {isa = PBXBuildFile; fileRef = 0F90154C1F37BCBA004F96ED /* CircleView.swift */; };
		0F9691741F3397C100802C57 /* AppDelegate.swift in Sources */ = {isa = PBXBuildFile; fileRef = 0F9691731F3397C100802C57 /* AppDelegate.swift */; };
		0F9691761F3397C100802C57 /* SignInVC.swift in Sources */ = {isa = PBXBuildFile; fileRef = 0F9691751F3397C100802C57 /* SignInVC.swift */; };
		0F9691791F3397C100802C57 /* Main.storyboard in Resources */ = {isa = PBXBuildFile; fileRef = 0F9691771F3397C100802C57 /* Main.storyboard */; };
		0F96917B1F3397C100802C57 /* Assets.xcassets in Resources */ = {isa = PBXBuildFile; fileRef = 0F96917A1F3397C100802C57 /* Assets.xcassets */; };
		0F96917E1F3397C100802C57 /* LaunchScreen.storyboard in Resources */ = {isa = PBXBuildFile; fileRef = 0F96917C1F3397C100802C57 /* LaunchScreen.storyboard */; };
		0F9691861F339D9B00802C57 /* GoogleService-Info.plist in Resources */ = {isa = PBXBuildFile; fileRef = 0F9691851F339D9B00802C57 /* GoogleService-Info.plist */; };
		0FAD4BAC1FA9123F0034E766 /* ImageIO.framework in Frameworks */ = {isa = PBXBuildFile; fileRef = 0FAD4BAB1FA912370034E766 /* ImageIO.framework */; };
		0FB8ABE01F9B003200C5C697 /* Utilities.swift in Sources */ = {isa = PBXBuildFile; fileRef = 0FB8ABDF1F9B003200C5C697 /* Utilities.swift */; };
		0FB8ABE41F9B042300C5C697 /* ChatViewController.swift in Sources */ = {isa = PBXBuildFile; fileRef = 0FB8ABE31F9B042300C5C697 /* ChatViewController.swift */; };
		0FB8ABF91F9D3BFF00C5C697 /* SystemConfiguration.framework in Frameworks */ = {isa = PBXBuildFile; fileRef = 0FB8ABF81F9D3BF600C5C697 /* SystemConfiguration.framework */; };
		0FB8ABFD1F9D4E8900C5C697 /* RecentViewController.swift in Sources */ = {isa = PBXBuildFile; fileRef = 0FB8ABFC1F9D4E8900C5C697 /* RecentViewController.swift */; };
		0FB8ABFF1F9D4F6C00C5C697 /* RecentTableViewCell.swift in Sources */ = {isa = PBXBuildFile; fileRef = 0FB8ABFE1F9D4F6C00C5C697 /* RecentTableViewCell.swift */; };
		0FB8AC011F9E972100C5C697 /* Recent.swift in Sources */ = {isa = PBXBuildFile; fileRef = 0FB8AC001F9E972100C5C697 /* Recent.swift */; };
		0FB8AC031F9E978700C5C697 /* OutgoingMessage.swift in Sources */ = {isa = PBXBuildFile; fileRef = 0FB8AC021F9E978700C5C697 /* OutgoingMessage.swift */; };
		0FB8AC051F9EA4AF00C5C697 /* IncomingMessage.swift in Sources */ = {isa = PBXBuildFile; fileRef = 0FB8AC041F9EA4AF00C5C697 /* IncomingMessage.swift */; };
		0FD435CF1FAA9C770032B05C /* PushKit.framework in Frameworks */ = {isa = PBXBuildFile; fileRef = 0FB8ABFA1F9D3C1400C5C697 /* PushKit.framework */; };
		95B8488CFD547A22058EDF38 /* Pods_Freegan.framework in Frameworks */ = {isa = PBXBuildFile; fileRef = 214FE02A51EAA1F73B23971D /* Pods_Freegan.framework */; };
/* End PBXBuildFile section */

/* Begin PBXFileReference section */
		0F06B4011FA82B4600C582A2 /* CoreData.framework */ = {isa = PBXFileReference; lastKnownFileType = wrapper.framework; name = CoreData.framework; path = System/Library/Frameworks/CoreData.framework; sourceTree = SDKROOT; };
		0F07260E1F3AAEE800EE805C /* User.swift */ = {isa = PBXFileReference; lastKnownFileType = sourcecode.swift; path = User.swift; sourceTree = "<group>"; };
		0F0D36241FA036500053558E /* RNCryptor.swift */ = {isa = PBXFileReference; fileEncoding = 4; lastKnownFileType = sourcecode.swift; name = RNCryptor.swift; path = ../../../../Downloads/quickchat2.0/QuickChat2.0/RNCryptor.swift; sourceTree = "<group>"; };
		0F0D36251FA036510053558E /* RNCryptor.h */ = {isa = PBXFileReference; fileEncoding = 4; lastKnownFileType = sourcecode.c.h; name = RNCryptor.h; path = ../../../../Downloads/quickchat2.0/QuickChat2.0/RNCryptor.h; sourceTree = "<group>"; };
		0F0D36281FA036650053558E /* RNCryptor.h */ = {isa = PBXFileReference; lastKnownFileType = sourcecode.c.h; path = RNCryptor.h; sourceTree = "<group>"; };
		0F0D36291FA036650053558E /* RNCryptor.swift */ = {isa = PBXFileReference; lastKnownFileType = sourcecode.swift; path = RNCryptor.swift; sourceTree = "<group>"; };
		0F0D362A1FA036AA0053558E /* Encryption.swift */ = {isa = PBXFileReference; lastKnownFileType = sourcecode.swift; path = Encryption.swift; sourceTree = "<group>"; };
		0F2517211F4240BD0085D1E8 /* ProfileVC.swift */ = {isa = PBXFileReference; lastKnownFileType = sourcecode.swift; path = ProfileVC.swift; sourceTree = "<group>"; };
		0F4FA1CA1FA19E950051669D /* MBProgressHUD.framework */ = {isa = PBXFileReference; lastKnownFileType = wrapper.framework; name = MBProgressHUD.framework; path = "../../Library/Developer/Xcode/DerivedData/Freegan-cmaffmunjfhqocgaxisgjvfgysbm/Build/Products/Debug-iphonesimulator/MBProgressHUD/MBProgressHUD.framework"; sourceTree = "<group>"; };
		0F4FA1D81FA262110051669D /* MBProgressHUD.m */ = {isa = PBXFileReference; fileEncoding = 4; lastKnownFileType = sourcecode.c.objc; name = MBProgressHUD.m; path = ../../../../Downloads/MBProgressHUD.m; sourceTree = "<group>"; };
		0F4FA1D91FA262110051669D /* MBProgressHUD.h */ = {isa = PBXFileReference; fileEncoding = 4; lastKnownFileType = sourcecode.c.h; name = MBProgressHUD.h; path = ../../../../Downloads/MBProgressHUD.h; sourceTree = "<group>"; };
		0F4FA1DD1FA269FF0051669D /* ProgressHUD.bundle */ = {isa = PBXFileReference; lastKnownFileType = "wrapper.plug-in"; path = ProgressHUD.bundle; sourceTree = "<group>"; };
		0F4FA1DE1FA269FF0051669D /* ProgressHUD.h */ = {isa = PBXFileReference; lastKnownFileType = sourcecode.c.h; path = ProgressHUD.h; sourceTree = "<group>"; };
		0F4FA1DF1FA269FF0051669D /* ProgressHUD.m */ = {isa = PBXFileReference; lastKnownFileType = sourcecode.c.objc; path = ProgressHUD.m; sourceTree = "<group>"; };
		0F4FA1E01FA3F2D40051669D /* Camera.swift */ = {isa = PBXFileReference; lastKnownFileType = sourcecode.swift; path = Camera.swift; sourceTree = "<group>"; };
		0F4FA1E21FA3F2F40051669D /* MobileCoreServices.framework */ = {isa = PBXFileReference; lastKnownFileType = wrapper.framework; name = MobileCoreServices.framework; path = System/Library/Frameworks/MobileCoreServices.framework; sourceTree = SDKROOT; };
		0F6C65361FAFD22B00E20B30 /* MyPostsTableViewController.swift */ = {isa = PBXFileReference; lastKnownFileType = sourcecode.swift; path = MyPostsTableViewController.swift; sourceTree = "<group>"; };
		0F6C65381FAFD29B00E20B30 /* EditPostItemVC.swift */ = {isa = PBXFileReference; lastKnownFileType = sourcecode.swift; path = EditPostItemVC.swift; sourceTree = "<group>"; };
		0F6C653A1FB02DBA00E20B30 /* EditPostTableViewCell.swift */ = {isa = PBXFileReference; lastKnownFileType = sourcecode.swift; path = EditPostTableViewCell.swift; sourceTree = "<group>"; };
		0F9015381F34096A004F96ED /* FancyView.swift */ = {isa = PBXFileReference; fileEncoding = 4; lastKnownFileType = sourcecode.swift; name = FancyView.swift; path = "../../../../Downloads/devslopes-social-final-source-code/devslopes-social/FancyView.swift"; sourceTree = "<group>"; };
		0F90153B1F340ABC004F96ED /* Constants.swift */ = {isa = PBXFileReference; lastKnownFileType = sourcecode.swift; path = Constants.swift; sourceTree = "<group>"; };
		0F90153D1F340D46004F96ED /* RoundBtn.swift */ = {isa = PBXFileReference; fileEncoding = 4; lastKnownFileType = sourcecode.swift; name = RoundBtn.swift; path = "../../../../Downloads/devslopes-social-final-source-code/devslopes-social/RoundBtn.swift"; sourceTree = "<group>"; };
		0F90153F1F34109E004F96ED /* FancyField.swift */ = {isa = PBXFileReference; fileEncoding = 4; lastKnownFileType = sourcecode.swift; name = FancyField.swift; path = "../../../../Downloads/devslopes-social-final-source-code/devslopes-social/FancyField.swift"; sourceTree = "<group>"; };
		0F9015411F341180004F96ED /* FancyBtn.swift */ = {isa = PBXFileReference; fileEncoding = 4; lastKnownFileType = sourcecode.swift; name = FancyBtn.swift; path = "../../../../Downloads/devslopes-social-final-source-code/devslopes-social/FancyBtn.swift"; sourceTree = "<group>"; };
		0F9015431F34EFCD004F96ED /* FeedVC.swift */ = {isa = PBXFileReference; lastKnownFileType = sourcecode.swift; path = FeedVC.swift; sourceTree = "<group>"; };
		0F9015451F3526AA004F96ED /* PostCell.swift */ = {isa = PBXFileReference; fileEncoding = 4; lastKnownFileType = sourcecode.swift; name = PostCell.swift; path = ../../../Fakebook/Fakebook/View/PostCell.swift; sourceTree = "<group>"; };
		0F9015481F3530D2004F96ED /* DataService.swift */ = {isa = PBXFileReference; fileEncoding = 4; lastKnownFileType = sourcecode.swift; name = DataService.swift; path = ../../../Fakebook/Fakebook/Services/DataService.swift; sourceTree = "<group>"; };
		0F90154A1F3681F1004F96ED /* Post.swift */ = {isa = PBXFileReference; fileEncoding = 4; lastKnownFileType = sourcecode.swift; name = Post.swift; path = ../../../Fakebook/Fakebook/Model/Post.swift; sourceTree = "<group>"; };
		0F90154C1F37BCBA004F96ED /* CircleView.swift */ = {isa = PBXFileReference; fileEncoding = 4; lastKnownFileType = sourcecode.swift; name = CircleView.swift; path = ../../../Fakebook/Fakebook/View/CircleView.swift; sourceTree = "<group>"; };
		0F9691701F3397C100802C57 /* Freegan.app */ = {isa = PBXFileReference; explicitFileType = wrapper.application; includeInIndex = 0; path = Freegan.app; sourceTree = BUILT_PRODUCTS_DIR; };
		0F9691731F3397C100802C57 /* AppDelegate.swift */ = {isa = PBXFileReference; lastKnownFileType = sourcecode.swift; path = AppDelegate.swift; sourceTree = "<group>"; };
		0F9691751F3397C100802C57 /* SignInVC.swift */ = {isa = PBXFileReference; lastKnownFileType = sourcecode.swift; path = SignInVC.swift; sourceTree = "<group>"; };
		0F9691781F3397C100802C57 /* Base */ = {isa = PBXFileReference; lastKnownFileType = file.storyboard; name = Base; path = Base.lproj/Main.storyboard; sourceTree = "<group>"; };
		0F96917A1F3397C100802C57 /* Assets.xcassets */ = {isa = PBXFileReference; lastKnownFileType = folder.assetcatalog; path = Assets.xcassets; sourceTree = "<group>"; };
		0F96917D1F3397C100802C57 /* Base */ = {isa = PBXFileReference; lastKnownFileType = file.storyboard; name = Base; path = Base.lproj/LaunchScreen.storyboard; sourceTree = "<group>"; };
		0F96917F1F3397C100802C57 /* Info.plist */ = {isa = PBXFileReference; lastKnownFileType = text.plist.xml; path = Info.plist; sourceTree = "<group>"; };
		0F9691851F339D9B00802C57 /* GoogleService-Info.plist */ = {isa = PBXFileReference; fileEncoding = 4; lastKnownFileType = text.plist.xml; name = "GoogleService-Info.plist"; path = "../../../Downloads/GoogleService-Info.plist"; sourceTree = "<group>"; };
		0FAD4BAB1FA912370034E766 /* ImageIO.framework */ = {isa = PBXFileReference; lastKnownFileType = wrapper.framework; name = ImageIO.framework; path = System/Library/Frameworks/ImageIO.framework; sourceTree = SDKROOT; };
		0FB8ABDF1F9B003200C5C697 /* Utilities.swift */ = {isa = PBXFileReference; lastKnownFileType = sourcecode.swift; path = Utilities.swift; sourceTree = "<group>"; };
		0FB8ABE31F9B042300C5C697 /* ChatViewController.swift */ = {isa = PBXFileReference; lastKnownFileType = sourcecode.swift; path = ChatViewController.swift; sourceTree = "<group>"; };
		0FB8ABF61F9D3BB500C5C697 /* CoreLocation.framework */ = {isa = PBXFileReference; lastKnownFileType = wrapper.framework; name = CoreLocation.framework; path = System/Library/Frameworks/CoreLocation.framework; sourceTree = SDKROOT; };
		0FB8ABF81F9D3BF600C5C697 /* SystemConfiguration.framework */ = {isa = PBXFileReference; lastKnownFileType = wrapper.framework; name = SystemConfiguration.framework; path = System/Library/Frameworks/SystemConfiguration.framework; sourceTree = SDKROOT; };
		0FB8ABFA1F9D3C1400C5C697 /* PushKit.framework */ = {isa = PBXFileReference; lastKnownFileType = wrapper.framework; name = PushKit.framework; path = System/Library/Frameworks/PushKit.framework; sourceTree = SDKROOT; };
		0FB8ABFC1F9D4E8900C5C697 /* RecentViewController.swift */ = {isa = PBXFileReference; lastKnownFileType = sourcecode.swift; path = RecentViewController.swift; sourceTree = "<group>"; };
		0FB8ABFE1F9D4F6C00C5C697 /* RecentTableViewCell.swift */ = {isa = PBXFileReference; lastKnownFileType = sourcecode.swift; path = RecentTableViewCell.swift; sourceTree = "<group>"; };
		0FB8AC001F9E972100C5C697 /* Recent.swift */ = {isa = PBXFileReference; lastKnownFileType = sourcecode.swift; path = Recent.swift; sourceTree = "<group>"; };
		0FB8AC021F9E978700C5C697 /* OutgoingMessage.swift */ = {isa = PBXFileReference; lastKnownFileType = sourcecode.swift; path = OutgoingMessage.swift; sourceTree = "<group>"; };
		0FB8AC041F9EA4AF00C5C697 /* IncomingMessage.swift */ = {isa = PBXFileReference; lastKnownFileType = sourcecode.swift; path = IncomingMessage.swift; sourceTree = "<group>"; };
		0FB8AC071F9FB29900C5C697 /* Freegan-Bridging-Header.h */ = {isa = PBXFileReference; lastKnownFileType = sourcecode.c.h; path = "Freegan-Bridging-Header.h"; sourceTree = "<group>"; };
		214FE02A51EAA1F73B23971D /* Pods_Freegan.framework */ = {isa = PBXFileReference; explicitFileType = wrapper.framework; includeInIndex = 0; path = Pods_Freegan.framework; sourceTree = BUILT_PRODUCTS_DIR; };
		41D49825F8F68CA2E221F3FB /* Pods-Freegan.release.xcconfig */ = {isa = PBXFileReference; includeInIndex = 1; lastKnownFileType = text.xcconfig; name = "Pods-Freegan.release.xcconfig"; path = "Pods/Target Support Files/Pods-Freegan/Pods-Freegan.release.xcconfig"; sourceTree = "<group>"; };
		BDEB1C9AC96DDC79F6144125 /* Pods-Freegan.debug.xcconfig */ = {isa = PBXFileReference; includeInIndex = 1; lastKnownFileType = text.xcconfig; name = "Pods-Freegan.debug.xcconfig"; path = "Pods/Target Support Files/Pods-Freegan/Pods-Freegan.debug.xcconfig"; sourceTree = "<group>"; };
/* End PBXFileReference section */

/* Begin PBXFrameworksBuildPhase section */
		0F96916D1F3397C100802C57 /* Frameworks */ = {
			isa = PBXFrameworksBuildPhase;
			buildActionMask = 2147483647;
			files = (
				0FD435CF1FAA9C770032B05C /* PushKit.framework in Frameworks */,
				0FAD4BAC1FA9123F0034E766 /* ImageIO.framework in Frameworks */,
				0F06B4021FA82B7200C582A2 /* CoreData.framework in Frameworks */,
				0F4FA1DB1FA2644C0051669D /* MBProgressHUD.framework in Frameworks */,
				0FB8ABF91F9D3BFF00C5C697 /* SystemConfiguration.framework in Frameworks */,
				95B8488CFD547A22058EDF38 /* Pods_Freegan.framework in Frameworks */,
			);
			runOnlyForDeploymentPostprocessing = 0;
		};
/* End PBXFrameworksBuildPhase section */

/* Begin PBXGroup section */
		0F0D36231FA036230053558E /* Encryptor */ = {
			isa = PBXGroup;
			children = (
				0F0D36251FA036510053558E /* RNCryptor.h */,
				0F0D36241FA036500053558E /* RNCryptor.swift */,
			);
			path = Encryptor;
			sourceTree = "<group>";
		};
		0F0D36271FA036650053558E /* Encryption */ = {
			isa = PBXGroup;
			children = (
				0F0D36281FA036650053558E /* RNCryptor.h */,
				0F0D36291FA036650053558E /* RNCryptor.swift */,
			);
			path = Encryption;
			sourceTree = "<group>";
		};
		0F4FA1DC1FA269FF0051669D /* ProgressHUD */ = {
			isa = PBXGroup;
			children = (
				0F4FA1DD1FA269FF0051669D /* ProgressHUD.bundle */,
				0F4FA1DE1FA269FF0051669D /* ProgressHUD.h */,
				0F4FA1DF1FA269FF0051669D /* ProgressHUD.m */,
			);
			path = ProgressHUD;
			sourceTree = "<group>";
		};
		0F9015351F33A222004F96ED /* Model */ = {
			isa = PBXGroup;
			children = (
				0F90154A1F3681F1004F96ED /* Post.swift */,
				0F07260E1F3AAEE800EE805C /* User.swift */,
				0FB8AC041F9EA4AF00C5C697 /* IncomingMessage.swift */,
				0FB8AC021F9E978700C5C697 /* OutgoingMessage.swift */,
				0FB8AC001F9E972100C5C697 /* Recent.swift */,
			);
			path = Model;
			sourceTree = "<group>";
		};
		0F9015361F33A229004F96ED /* View */ = {
			isa = PBXGroup;
			children = (
				0F9015451F3526AA004F96ED /* PostCell.swift */,
				0F6C653A1FB02DBA00E20B30 /* EditPostTableViewCell.swift */,
				0FB8ABFE1F9D4F6C00C5C697 /* RecentTableViewCell.swift */,
				0F90153F1F34109E004F96ED /* FancyField.swift */,
				0F90154C1F37BCBA004F96ED /* CircleView.swift */,
				0F9015411F341180004F96ED /* FancyBtn.swift */,
				0F90153D1F340D46004F96ED /* RoundBtn.swift */,
				0F9015381F34096A004F96ED /* FancyView.swift */,
			);
			path = View;
			sourceTree = "<group>";
		};
		0F9015371F33A230004F96ED /* Controller */ = {
			isa = PBXGroup;
			children = (
				0F9691751F3397C100802C57 /* SignInVC.swift */,
				0F6C65361FAFD22B00E20B30 /* MyPostsTableViewController.swift */,
				0F6C65381FAFD29B00E20B30 /* EditPostItemVC.swift */,
				0FB8ABFC1F9D4E8900C5C697 /* RecentViewController.swift */,
				0F9015431F34EFCD004F96ED /* FeedVC.swift */,
				0F2517211F4240BD0085D1E8 /* ProfileVC.swift */,
				0FB8ABE31F9B042300C5C697 /* ChatViewController.swift */,
			);
			path = Controller;
			sourceTree = "<group>";
		};
		0F90153A1F3409D7004F96ED /* Util */ = {
			isa = PBXGroup;
			children = (
				0F90153B1F340ABC004F96ED /* Constants.swift */,
				0F4FA1D91FA262110051669D /* MBProgressHUD.h */,
				0F4FA1D81FA262110051669D /* MBProgressHUD.m */,
				0F0D362A1FA036AA0053558E /* Encryption.swift */,
				0F4FA1E01FA3F2D40051669D /* Camera.swift */,
				0FB8ABDF1F9B003200C5C697 /* Utilities.swift */,
			);
			path = Util;
			sourceTree = "<group>";
		};
		0F9015471F3530B8004F96ED /* Services */ = {
			isa = PBXGroup;
			children = (
				0F9015481F3530D2004F96ED /* DataService.swift */,
			);
			path = Services;
			sourceTree = "<group>";
		};
		0F9691671F3397C100802C57 = {
			isa = PBXGroup;
			children = (
				0F4FA1DC1FA269FF0051669D /* ProgressHUD */,
				0F0D36271FA036650053558E /* Encryption */,
				0F9691721F3397C100802C57 /* Freegan */,
				0F9691711F3397C100802C57 /* Products */,
				D8C224C17A03CC8C3967AF29 /* Frameworks */,
				7E62046BA2D7A1D533341889 /* Pods */,
			);
			sourceTree = "<group>";
		};
		0F9691711F3397C100802C57 /* Products */ = {
			isa = PBXGroup;
			children = (
				0F9691701F3397C100802C57 /* Freegan.app */,
			);
			name = Products;
			sourceTree = "<group>";
		};
		0F9691721F3397C100802C57 /* Freegan */ = {
			isa = PBXGroup;
			children = (
				0F0D36231FA036230053558E /* Encryptor */,
				0F9015471F3530B8004F96ED /* Services */,
				0F90153A1F3409D7004F96ED /* Util */,
				0F9015351F33A222004F96ED /* Model */,
				0F9015371F33A230004F96ED /* Controller */,
				0F9015361F33A229004F96ED /* View */,
				0F9691731F3397C100802C57 /* AppDelegate.swift */,
				0FB8AC071F9FB29900C5C697 /* Freegan-Bridging-Header.h */,
				0F9691771F3397C100802C57 /* Main.storyboard */,
				0F96917A1F3397C100802C57 /* Assets.xcassets */,
				0F96917C1F3397C100802C57 /* LaunchScreen.storyboard */,
				0F96917F1F3397C100802C57 /* Info.plist */,
				0F9691851F339D9B00802C57 /* GoogleService-Info.plist */,
			);
			path = Freegan;
			sourceTree = "<group>";
		};
		7E62046BA2D7A1D533341889 /* Pods */ = {
			isa = PBXGroup;
			children = (
				BDEB1C9AC96DDC79F6144125 /* Pods-Freegan.debug.xcconfig */,
				41D49825F8F68CA2E221F3FB /* Pods-Freegan.release.xcconfig */,
			);
			name = Pods;
			sourceTree = "<group>";
		};
		D8C224C17A03CC8C3967AF29 /* Frameworks */ = {
			isa = PBXGroup;
			children = (
				0FAD4BAB1FA912370034E766 /* ImageIO.framework */,
				0F06B4011FA82B4600C582A2 /* CoreData.framework */,
				0F4FA1E21FA3F2F40051669D /* MobileCoreServices.framework */,
				0F4FA1CA1FA19E950051669D /* MBProgressHUD.framework */,
				0FB8ABFA1F9D3C1400C5C697 /* PushKit.framework */,
				0FB8ABF81F9D3BF600C5C697 /* SystemConfiguration.framework */,
				0FB8ABF61F9D3BB500C5C697 /* CoreLocation.framework */,
				214FE02A51EAA1F73B23971D /* Pods_Freegan.framework */,
			);
			name = Frameworks;
			sourceTree = "<group>";
		};
/* End PBXGroup section */

/* Begin PBXNativeTarget section */
		0F96916F1F3397C100802C57 /* Freegan */ = {
			isa = PBXNativeTarget;
			buildConfigurationList = 0F9691821F3397C100802C57 /* Build configuration list for PBXNativeTarget "Freegan" */;
			buildPhases = (
				6CE77AE0A40D54838D86ADFA /* [CP] Check Pods Manifest.lock */,
				0F96916C1F3397C100802C57 /* Sources */,
				0F96916D1F3397C100802C57 /* Frameworks */,
				0F96916E1F3397C100802C57 /* Resources */,
				235B89A97D050EE5FC4E8B0E /* [CP] Embed Pods Frameworks */,
				0FDED3BAC193C6B0817DBCEF /* [CP] Copy Pods Resources */,
			);
			buildRules = (
			);
			dependencies = (
			);
			name = Freegan;
			productName = Freegan;
			productReference = 0F9691701F3397C100802C57 /* Freegan.app */;
			productType = "com.apple.product-type.application";
		};
/* End PBXNativeTarget section */

/* Begin PBXProject section */
		0F9691681F3397C100802C57 /* Project object */ = {
			isa = PBXProject;
			attributes = {
				LastSwiftUpdateCheck = 0900;
				LastUpgradeCheck = 0900;
				ORGANIZATIONNAME = "Hammed Opejin";
				TargetAttributes = {
					0F96916F1F3397C100802C57 = {
						CreatedOnToolsVersion = 9.0;
						LastSwiftMigration = 0900;
						ProvisioningStyle = Manual;
					};
				};
			};
			buildConfigurationList = 0F96916B1F3397C100802C57 /* Build configuration list for PBXProject "Freegan" */;
			compatibilityVersion = "Xcode 8.0";
			developmentRegion = en;
			hasScannedForEncodings = 0;
			knownRegions = (
				en,
				Base,
			);
			mainGroup = 0F9691671F3397C100802C57;
			productRefGroup = 0F9691711F3397C100802C57 /* Products */;
			projectDirPath = "";
			projectRoot = "";
			targets = (
				0F96916F1F3397C100802C57 /* Freegan */,
			);
		};
/* End PBXProject section */

/* Begin PBXResourcesBuildPhase section */
		0F96916E1F3397C100802C57 /* Resources */ = {
			isa = PBXResourcesBuildPhase;
			buildActionMask = 2147483647;
			files = (
				0F96917E1F3397C100802C57 /* LaunchScreen.storyboard in Resources */,
				0F96917B1F3397C100802C57 /* Assets.xcassets in Resources */,
				0F9691861F339D9B00802C57 /* GoogleService-Info.plist in Resources */,
				0F9691791F3397C100802C57 /* Main.storyboard in Resources */,
			);
			runOnlyForDeploymentPostprocessing = 0;
		};
/* End PBXResourcesBuildPhase section */

/* Begin PBXShellScriptBuildPhase section */
		0FDED3BAC193C6B0817DBCEF /* [CP] Copy Pods Resources */ = {
			isa = PBXShellScriptBuildPhase;
			buildActionMask = 2147483647;
			files = (
			);
			inputPaths = (
			);
			name = "[CP] Copy Pods Resources";
			outputPaths = (
			);
			runOnlyForDeploymentPostprocessing = 0;
			shellPath = /bin/sh;
			shellScript = "\"${SRCROOT}/Pods/Target Support Files/Pods-Freegan/Pods-Freegan-resources.sh\"\n";
			showEnvVarsInLog = 0;
		};
		235B89A97D050EE5FC4E8B0E /* [CP] Embed Pods Frameworks */ = {
			isa = PBXShellScriptBuildPhase;
			buildActionMask = 2147483647;
			files = (
			);
			inputPaths = (
			);
			name = "[CP] Embed Pods Frameworks";
			outputPaths = (
			);
			runOnlyForDeploymentPostprocessing = 0;
			shellPath = /bin/sh;
			shellScript = "\"${SRCROOT}/Pods/Target Support Files/Pods-Freegan/Pods-Freegan-frameworks.sh\"\n";
			showEnvVarsInLog = 0;
		};
		6CE77AE0A40D54838D86ADFA /* [CP] Check Pods Manifest.lock */ = {
			isa = PBXShellScriptBuildPhase;
			buildActionMask = 2147483647;
			files = (
			);
			inputPaths = (
			);
			name = "[CP] Check Pods Manifest.lock";
			outputPaths = (
			);
			runOnlyForDeploymentPostprocessing = 0;
			shellPath = /bin/sh;
			shellScript = "diff \"${PODS_PODFILE_DIR_PATH}/Podfile.lock\" \"${PODS_ROOT}/Manifest.lock\" > /dev/null\nif [ $? != 0 ] ; then\n    # print error to STDERR\n    echo \"error: The sandbox is not in sync with the Podfile.lock. Run 'pod install' or update your CocoaPods installation.\" >&2\n    exit 1\nfi\n";
			showEnvVarsInLog = 0;
		};
/* End PBXShellScriptBuildPhase section */

/* Begin PBXSourcesBuildPhase section */
		0F96916C1F3397C100802C57 /* Sources */ = {
			isa = PBXSourcesBuildPhase;
			buildActionMask = 2147483647;
			files = (
				0F2517221F4240BD0085D1E8 /* ProfileVC.swift in Sources */,
				0F07260F1F3AAEE800EE805C /* User.swift in Sources */,
				0F6C65391FAFD29B00E20B30 /* EditPostItemVC.swift in Sources */,
				0FB8ABE41F9B042300C5C697 /* ChatViewController.swift in Sources */,
				0F90154D1F37BCBB004F96ED /* CircleView.swift in Sources */,
				0F9015401F34109F004F96ED /* FancyField.swift in Sources */,
				0F0D362B1FA036AA0053558E /* Encryption.swift in Sources */,
				0F6C65371FAFD22B00E20B30 /* MyPostsTableViewController.swift in Sources */,
				0F90154B1F3681F1004F96ED /* Post.swift in Sources */,
				0F6C653B1FB02DBB00E20B30 /* EditPostTableViewCell.swift in Sources */,
				0F4FA1DA1FA262110051669D /* MBProgressHUD.m in Sources */,
				0FB8ABE01F9B003200C5C697 /* Utilities.swift in Sources */,
				0F9691761F3397C100802C57 /* SignInVC.swift in Sources */,
				0F90153E1F340D46004F96ED /* RoundBtn.swift in Sources */,
				0FB8AC011F9E972100C5C697 /* Recent.swift in Sources */,
				0F9691741F3397C100802C57 /* AppDelegate.swift in Sources */,
				0F9015441F34EFCD004F96ED /* FeedVC.swift in Sources */,
				0FB8ABFF1F9D4F6C00C5C697 /* RecentTableViewCell.swift in Sources */,
				0F0D36261FA036510053558E /* RNCryptor.swift in Sources */,
				0F9015461F3526AA004F96ED /* PostCell.swift in Sources */,
				0F9015391F34096A004F96ED /* FancyView.swift in Sources */,
				0FB8AC051F9EA4AF00C5C697 /* IncomingMessage.swift in Sources */,
				0F90153C1F340ABC004F96ED /* Constants.swift in Sources */,
				0F9015421F341180004F96ED /* FancyBtn.swift in Sources */,
				0F4FA1E11FA3F2D40051669D /* Camera.swift in Sources */,
				0FB8ABFD1F9D4E8900C5C697 /* RecentViewController.swift in Sources */,
				0FB8AC031F9E978700C5C697 /* OutgoingMessage.swift in Sources */,
				0F9015491F3530D2004F96ED /* DataService.swift in Sources */,
			);
			runOnlyForDeploymentPostprocessing = 0;
		};
/* End PBXSourcesBuildPhase section */

/* Begin PBXVariantGroup section */
		0F9691771F3397C100802C57 /* Main.storyboard */ = {
			isa = PBXVariantGroup;
			children = (
				0F9691781F3397C100802C57 /* Base */,
			);
			name = Main.storyboard;
			sourceTree = "<group>";
		};
		0F96917C1F3397C100802C57 /* LaunchScreen.storyboard */ = {
			isa = PBXVariantGroup;
			children = (
				0F96917D1F3397C100802C57 /* Base */,
			);
			name = LaunchScreen.storyboard;
			sourceTree = "<group>";
		};
/* End PBXVariantGroup section */

/* Begin XCBuildConfiguration section */
		0F9691801F3397C100802C57 /* Debug */ = {
			isa = XCBuildConfiguration;
			buildSettings = {
				ALWAYS_SEARCH_USER_PATHS = NO;
				CLANG_ANALYZER_NONNULL = YES;
				CLANG_ANALYZER_NUMBER_OBJECT_CONVERSION = YES_AGGRESSIVE;
				CLANG_CXX_LANGUAGE_STANDARD = "gnu++14";
				CLANG_CXX_LIBRARY = "libc++";
				CLANG_ENABLE_MODULES = YES;
				CLANG_ENABLE_OBJC_ARC = YES;
				CLANG_WARN_BLOCK_CAPTURE_AUTORELEASING = YES;
				CLANG_WARN_BOOL_CONVERSION = YES;
				CLANG_WARN_COMMA = YES;
				CLANG_WARN_CONSTANT_CONVERSION = YES;
				CLANG_WARN_DIRECT_OBJC_ISA_USAGE = YES_ERROR;
				CLANG_WARN_DOCUMENTATION_COMMENTS = YES;
				CLANG_WARN_EMPTY_BODY = YES;
				CLANG_WARN_ENUM_CONVERSION = YES;
				CLANG_WARN_INFINITE_RECURSION = YES;
				CLANG_WARN_INT_CONVERSION = YES;
				CLANG_WARN_OBJC_ROOT_CLASS = YES_ERROR;
				CLANG_WARN_RANGE_LOOP_ANALYSIS = YES;
				CLANG_WARN_STRICT_PROTOTYPES = YES;
				CLANG_WARN_SUSPICIOUS_MOVE = YES;
				CLANG_WARN_UNGUARDED_AVAILABILITY = YES_AGGRESSIVE;
				CLANG_WARN_UNREACHABLE_CODE = YES;
				CLANG_WARN__DUPLICATE_METHOD_MATCH = YES;
				CODE_SIGN_IDENTITY = "iPhone Developer";
				COPY_PHASE_STRIP = NO;
				DEBUG_INFORMATION_FORMAT = dwarf;
				ENABLE_STRICT_OBJC_MSGSEND = YES;
				ENABLE_TESTABILITY = YES;
				GCC_C_LANGUAGE_STANDARD = gnu11;
				GCC_DYNAMIC_NO_PIC = NO;
				GCC_NO_COMMON_BLOCKS = YES;
				GCC_OPTIMIZATION_LEVEL = 0;
				GCC_PREPROCESSOR_DEFINITIONS = (
					"DEBUG=1",
					"$(inherited)",
				);
				GCC_WARN_64_TO_32_BIT_CONVERSION = YES;
				GCC_WARN_ABOUT_RETURN_TYPE = YES_ERROR;
				GCC_WARN_UNDECLARED_SELECTOR = YES;
				GCC_WARN_UNINITIALIZED_AUTOS = YES_AGGRESSIVE;
				GCC_WARN_UNUSED_FUNCTION = YES;
				GCC_WARN_UNUSED_VARIABLE = YES;
				IPHONEOS_DEPLOYMENT_TARGET = 11.0;
				MTL_ENABLE_DEBUG_INFO = YES;
				ONLY_ACTIVE_ARCH = YES;
				SDKROOT = iphoneos;
				SWIFT_ACTIVE_COMPILATION_CONDITIONS = DEBUG;
				SWIFT_OPTIMIZATION_LEVEL = "-Onone";
			};
			name = Debug;
		};
		0F9691811F3397C100802C57 /* Release */ = {
			isa = XCBuildConfiguration;
			buildSettings = {
				ALWAYS_SEARCH_USER_PATHS = NO;
				CLANG_ANALYZER_NONNULL = YES;
				CLANG_ANALYZER_NUMBER_OBJECT_CONVERSION = YES_AGGRESSIVE;
				CLANG_CXX_LANGUAGE_STANDARD = "gnu++14";
				CLANG_CXX_LIBRARY = "libc++";
				CLANG_ENABLE_MODULES = YES;
				CLANG_ENABLE_OBJC_ARC = YES;
				CLANG_WARN_BLOCK_CAPTURE_AUTORELEASING = YES;
				CLANG_WARN_BOOL_CONVERSION = YES;
				CLANG_WARN_COMMA = YES;
				CLANG_WARN_CONSTANT_CONVERSION = YES;
				CLANG_WARN_DIRECT_OBJC_ISA_USAGE = YES_ERROR;
				CLANG_WARN_DOCUMENTATION_COMMENTS = YES;
				CLANG_WARN_EMPTY_BODY = YES;
				CLANG_WARN_ENUM_CONVERSION = YES;
				CLANG_WARN_INFINITE_RECURSION = YES;
				CLANG_WARN_INT_CONVERSION = YES;
				CLANG_WARN_OBJC_ROOT_CLASS = YES_ERROR;
				CLANG_WARN_RANGE_LOOP_ANALYSIS = YES;
				CLANG_WARN_STRICT_PROTOTYPES = YES;
				CLANG_WARN_SUSPICIOUS_MOVE = YES;
				CLANG_WARN_UNGUARDED_AVAILABILITY = YES_AGGRESSIVE;
				CLANG_WARN_UNREACHABLE_CODE = YES;
				CLANG_WARN__DUPLICATE_METHOD_MATCH = YES;
				CODE_SIGN_IDENTITY = "iPhone Developer";
				COPY_PHASE_STRIP = NO;
				DEBUG_INFORMATION_FORMAT = "dwarf-with-dsym";
				ENABLE_NS_ASSERTIONS = NO;
				ENABLE_STRICT_OBJC_MSGSEND = YES;
				GCC_C_LANGUAGE_STANDARD = gnu11;
				GCC_NO_COMMON_BLOCKS = YES;
				GCC_WARN_64_TO_32_BIT_CONVERSION = YES;
				GCC_WARN_ABOUT_RETURN_TYPE = YES_ERROR;
				GCC_WARN_UNDECLARED_SELECTOR = YES;
				GCC_WARN_UNINITIALIZED_AUTOS = YES_AGGRESSIVE;
				GCC_WARN_UNUSED_FUNCTION = YES;
				GCC_WARN_UNUSED_VARIABLE = YES;
				IPHONEOS_DEPLOYMENT_TARGET = 11.0;
				MTL_ENABLE_DEBUG_INFO = NO;
				SDKROOT = iphoneos;
				SWIFT_OPTIMIZATION_LEVEL = "-Owholemodule";
				VALIDATE_PRODUCT = YES;
			};
			name = Release;
		};
		0F9691831F3397C100802C57 /* Debug */ = {
			isa = XCBuildConfiguration;
			baseConfigurationReference = BDEB1C9AC96DDC79F6144125 /* Pods-Freegan.debug.xcconfig */;
			buildSettings = {
				ASSETCATALOG_COMPILER_APPICON_NAME = AppIcon;
				CLANG_ENABLE_MODULES = YES;
				"CODE_SIGN_IDENTITY[sdk=iphoneos*]" = "iPhone Developer";
				CODE_SIGN_STYLE = Manual;
				DEVELOPMENT_TEAM = "";
				EMBED_ASSET_PACKS_IN_PRODUCT_BUNDLE = YES;
				ENABLE_BITCODE = YES;
				GCC_NO_COMMON_BLOCKS = YES;
				INFOPLIST_FILE = Freegan/Info.plist;
				LD_RUNPATH_SEARCH_PATHS = "$(inherited) @executable_path/Frameworks";
				NEW_SETTING = "";
				ONLY_ACTIVE_ARCH = YES;
				PRODUCT_BUNDLE_IDENTIFIER = com.planetpeopleplatform.Freegan;
				PRODUCT_NAME = "$(TARGET_NAME)";
				PROVISIONING_PROFILE_SPECIFIER = "";
				SWIFT_OBJC_BRIDGING_HEADER = "Freegan/Freegan-Bridging-Header.h";
				SWIFT_OPTIMIZATION_LEVEL = "-Onone";
				SWIFT_VERSION = 4.0;
				TARGETED_DEVICE_FAMILY = "1,2";
			};
			name = Debug;
		};
		0F9691841F3397C100802C57 /* Release */ = {
			isa = XCBuildConfiguration;
			baseConfigurationReference = 41D49825F8F68CA2E221F3FB /* Pods-Freegan.release.xcconfig */;
			buildSettings = {
				ASSETCATALOG_COMPILER_APPICON_NAME = AppIcon;
				CLANG_ENABLE_MODULES = YES;
				"CODE_SIGN_IDENTITY[sdk=iphoneos*]" = "iPhone Developer";
				CODE_SIGN_STYLE = Manual;
				DEVELOPMENT_TEAM = "";
				EMBED_ASSET_PACKS_IN_PRODUCT_BUNDLE = YES;
				ENABLE_BITCODE = YES;
				GCC_NO_COMMON_BLOCKS = YES;
				INFOPLIST_FILE = Freegan/Info.plist;
				LD_RUNPATH_SEARCH_PATHS = "$(inherited) @executable_path/Frameworks";
				NEW_SETTING = "";
				ONLY_ACTIVE_ARCH = YES;
				PRODUCT_BUNDLE_IDENTIFIER = com.planetpeopleplatform.Freegan;
				PRODUCT_NAME = "$(TARGET_NAME)";
				PROVISIONING_PROFILE_SPECIFIER = "";
				SWIFT_OBJC_BRIDGING_HEADER = "Freegan/Freegan-Bridging-Header.h";
				SWIFT_VERSION = 4.0;
				TARGETED_DEVICE_FAMILY = "1,2";
			};
			name = Release;
		};
/* End XCBuildConfiguration section */

/* Begin XCConfigurationList section */
		0F96916B1F3397C100802C57 /* Build configuration list for PBXProject "Freegan" */ = {
			isa = XCConfigurationList;
			buildConfigurations = (
				0F9691801F3397C100802C57 /* Debug */,
				0F9691811F3397C100802C57 /* Release */,
			);
			defaultConfigurationIsVisible = 0;
			defaultConfigurationName = Release;
		};
		0F9691821F3397C100802C57 /* Build configuration list for PBXNativeTarget "Freegan" */ = {
			isa = XCConfigurationList;
			buildConfigurations = (
				0F9691831F3397C100802C57 /* Debug */,
				0F9691841F3397C100802C57 /* Release */,
			);
			defaultConfigurationIsVisible = 0;
			defaultConfigurationName = Release;
		};
/* End XCConfigurationList section */
	};
	rootObject = 0F9691681F3397C100802C57 /* Project object */;
}
